
Microsoft Visual Studio Solution File, Format Version 12.00
# Visual Studio Version 16
VisualStudioVersion = 16.0.29215.179
MinimumVisualStudioVersion = 10.0.40219.1
Project("{9A19103F-16F7-4668-BE54-9A1E7A4F7556}") = "Core3Intrinsics", "Core3Intrinsics\Core3Intrinsics.csproj", "{8ABE3139-8924-46FE-B8D4-155FE20DD285}"
EndProject
Project("{9A19103F-16F7-4668-BE54-9A1E7A4F7556}") = "Core3IntrinsicsBenchmarks", "Core3IntrinsicsBenchmarks\Core3IntrinsicsBenchmarks.csproj", "{FFEC9419-D276-46DB-8136-4642054E1C99}"
EndProject
Project("{2150E333-8FDC-42A3-9474-1A3956D46DE8}") = "Solution Items", "Solution Items", "{A3F9D91A-297A-40E2-9714-D009F3FB9CF0}"
	ProjectSection(SolutionItems) = preProject
		Readme.md = Readme.md
	EndProjectSection
EndProject
Global
	GlobalSection(SolutionConfigurationPlatforms) = preSolution
		Debug|Any CPU = Debug|Any CPU
		Release|Any CPU = Release|Any CPU
	EndGlobalSection
	GlobalSection(ProjectConfigurationPlatforms) = postSolution
		{8ABE3139-8924-46FE-B8D4-155FE20DD285}.Debug|Any CPU.ActiveCfg = Debug|Any CPU
		{8ABE3139-8924-46FE-B8D4-155FE20DD285}.Debug|Any CPU.Build.0 = Debug|Any CPU
		{8ABE3139-8924-46FE-B8D4-155FE20DD285}.Release|Any CPU.ActiveCfg = Release|Any CPU
		{8ABE3139-8924-46FE-B8D4-155FE20DD285}.Release|Any CPU.Build.0 = Release|Any CPU
		{FFEC9419-D276-46DB-8136-4642054E1C99}.Debug|Any CPU.ActiveCfg = Debug|Any CPU
		{FFEC9419-D276-46DB-8136-4642054E1C99}.Debug|Any CPU.Build.0 = Debug|Any CPU
		{FFEC9419-D276-46DB-8136-4642054E1C99}.Release|Any CPU.ActiveCfg = Release|Any CPU
		{FFEC9419-D276-46DB-8136-4642054E1C99}.Release|Any CPU.Build.0 = Release|Any CPU
	EndGlobalSection
	GlobalSection(SolutionProperties) = preSolution
		HideSolutionNode = FALSE
	EndGlobalSection
	GlobalSection(ExtensibilityGlobals) = postSolution
		SolutionGuid = {0AA0631C-9878-463C-8661-45CA8F282505}
	EndGlobalSection
EndGlobal
